
Microsoft Visual Studio Solution File, Format Version 12.00
# Visual Studio 15
VisualStudioVersion = 15.0.28010.2016
MinimumVisualStudioVersion = 10.0.40219.1
Project("{FAE04EC0-301F-11D3-BF4B-00C04F79EFBC}") = "static_concept", "static_concept\static_concept.csproj", "{399028C7-18F8-4784-B95B-E8BF4BB2D624}"
EndProject
Global
	GlobalSection(SolutionConfigurationPlatforms) = preSolution
		Debug|Any CPU = Debug|Any CPU
		Release|Any CPU = Release|Any CPU
	EndGlobalSection
	GlobalSection(ProjectConfigurationPlatforms) = postSolution
		{399028C7-18F8-4784-B95B-E8BF4BB2D624}.Debug|Any CPU.ActiveCfg = Debug|Any CPU
		{399028C7-18F8-4784-B95B-E8BF4BB2D624}.Debug|Any CPU.Build.0 = Debug|Any CPU
		{399028C7-18F8-4784-B95B-E8BF4BB2D624}.Release|Any CPU.ActiveCfg = Release|Any CPU
		{399028C7-18F8-4784-B95B-E8BF4BB2D624}.Release|Any CPU.Build.0 = Release|Any CPU
	EndGlobalSection
	GlobalSection(SolutionProperties) = preSolution
		HideSolutionNode = FALSE
	EndGlobalSection
	GlobalSection(ExtensibilityGlobals) = postSolution
		SolutionGuid = {8F6722AB-7EC3-4D56-9F9D-9E7F494BBE08}
	EndGlobalSection
EndGlobal
